
Microsoft Visual Studio Solution File, Format Version 12.00
# Visual Studio Version 17
VisualStudioVersion = 17.5.002.0
MinimumVisualStudioVersion = 10.0.40219.1
Project("{9A19103F-16F7-4668-BE54-9A1E7A4F7556}") = "DesafioPOO", "DesafioPOO.csproj", "{4E847371-4590-4C3F-AC2C-423C66680527}"
EndProject
Global
	GlobalSection(SolutionConfigurationPlatforms) = preSolution
		Debug|Any CPU = Debug|Any CPU
		Release|Any CPU = Release|Any CPU
	EndGlobalSection
	GlobalSection(ProjectConfigurationPlatforms) = postSolution
		{4E847371-4590-4C3F-AC2C-423C66680527}.Debug|Any CPU.ActiveCfg = Debug|Any CPU
		{4E847371-4590-4C3F-AC2C-423C66680527}.Debug|Any CPU.Build.0 = Debug|Any CPU
		{4E847371-4590-4C3F-AC2C-423C66680527}.Release|Any CPU.ActiveCfg = Release|Any CPU
		{4E847371-4590-4C3F-AC2C-423C66680527}.Release|Any CPU.Build.0 = Release|Any CPU
	EndGlobalSection
	GlobalSection(SolutionProperties) = preSolution
		HideSolutionNode = FALSE
	EndGlobalSection
	GlobalSection(ExtensibilityGlobals) = postSolution
		SolutionGuid = {E3F4F6EE-3D7D-457B-8287-5650A3CC7F7F}
	EndGlobalSection
EndGlobal
